
Microsoft Visual Studio Solution File, Format Version 11.00
# Visual Studio 2010
Project("{FAE04EC0-301F-11D3-BF4B-00C04F79EFBC}") = "WhereIsMeUnity", "Assembly-CSharp-firstpass.csproj", "{388B9B53-E98E-1860-5393-94D7F71157AF}"
EndProject
Project("{FAE04EC0-301F-11D3-BF4B-00C04F79EFBC}") = "WhereIsMeUnity", "Assembly-CSharp-Editor-firstpass.csproj", "{D26EBDF7-A121-C461-2090-26C8DF72B647}"
EndProject
Global
	GlobalSection(SolutionConfigurationPlatforms) = preSolution
		Debug|Any CPU = Debug|Any CPU
		Release|Any CPU = Release|Any CPU
	EndGlobalSection
	GlobalSection(ProjectConfigurationPlatforms) = postSolution
		{388B9B53-E98E-1860-5393-94D7F71157AF}.Debug|Any CPU.ActiveCfg = Debug|Any CPU
		{388B9B53-E98E-1860-5393-94D7F71157AF}.Debug|Any CPU.Build.0 = Debug|Any CPU
		{388B9B53-E98E-1860-5393-94D7F71157AF}.Release|Any CPU.ActiveCfg = Release|Any CPU
		{388B9B53-E98E-1860-5393-94D7F71157AF}.Release|Any CPU.Build.0 = Release|Any CPU
		{D26EBDF7-A121-C461-2090-26C8DF72B647}.Debug|Any CPU.ActiveCfg = Debug|Any CPU
		{D26EBDF7-A121-C461-2090-26C8DF72B647}.Debug|Any CPU.Build.0 = Debug|Any CPU
		{D26EBDF7-A121-C461-2090-26C8DF72B647}.Release|Any CPU.ActiveCfg = Release|Any CPU
		{D26EBDF7-A121-C461-2090-26C8DF72B647}.Release|Any CPU.Build.0 = Release|Any CPU
	EndGlobalSection
	GlobalSection(SolutionProperties) = preSolution
		HideSolutionNode = FALSE
	EndGlobalSection
	GlobalSection(MonoDevelopProperties) = preSolution
		StartupItem = Assembly-CSharp.csproj
	EndGlobalSection
EndGlobal
