
Microsoft Visual Studio Solution File, Format Version 12.00
# Visual Studio for Mac
Project("{FAE04EC0-301F-11D3-BF4B-00C04F79EFBC}") = "Where is me", "Where is me.csproj", "{AD877651-F013-36BC-0DFE-C284CD479D1A}"
EndProject
Global
	GlobalSection(SolutionConfigurationPlatforms) = preSolution
		Debug|Any CPU = Debug|Any CPU
		Release|Any CPU = Release|Any CPU
	EndGlobalSection
	GlobalSection(ProjectConfigurationPlatforms) = postSolution
		{AD877651-F013-36BC-0DFE-C284CD479D1A}.Debug|Any CPU.ActiveCfg = Debug|Any CPU
		{AD877651-F013-36BC-0DFE-C284CD479D1A}.Debug|Any CPU.Build.0 = Debug|Any CPU
		{AD877651-F013-36BC-0DFE-C284CD479D1A}.Release|Any CPU.ActiveCfg = Release|Any CPU
		{AD877651-F013-36BC-0DFE-C284CD479D1A}.Release|Any CPU.Build.0 = Release|Any CPU
	EndGlobalSection
	GlobalSection(SolutionProperties) = preSolution
		HideSolutionNode = FALSE
	EndGlobalSection
EndGlobal
